
Microsoft Visual Studio Solution File, Format Version 12.00
# Visual Studio Version 16
VisualStudioVersion = 16.0.30717.126
MinimumVisualStudioVersion = 10.0.40219.1
Project("{FAE04EC0-301F-11D3-BF4B-00C04F79EFBC}") = "SzamlaBeadando_KrenczMate", "SzamlaBeadando_KrenczMate\SzamlaBeadando_KrenczMate.csproj", "{23A9D425-407B-4534-80C3-2A4431003AD4}"
EndProject
Global
	GlobalSection(SolutionConfigurationPlatforms) = preSolution
		Debug|Any CPU = Debug|Any CPU
		Release|Any CPU = Release|Any CPU
	EndGlobalSection
	GlobalSection(ProjectConfigurationPlatforms) = postSolution
		{23A9D425-407B-4534-80C3-2A4431003AD4}.Debug|Any CPU.ActiveCfg = Debug|Any CPU
		{23A9D425-407B-4534-80C3-2A4431003AD4}.Debug|Any CPU.Build.0 = Debug|Any CPU
		{23A9D425-407B-4534-80C3-2A4431003AD4}.Release|Any CPU.ActiveCfg = Release|Any CPU
		{23A9D425-407B-4534-80C3-2A4431003AD4}.Release|Any CPU.Build.0 = Release|Any CPU
	EndGlobalSection
	GlobalSection(SolutionProperties) = preSolution
		HideSolutionNode = FALSE
	EndGlobalSection
	GlobalSection(ExtensibilityGlobals) = postSolution
		SolutionGuid = {45F1BF03-569F-4949-8B47-2FD909A00DD8}
	EndGlobalSection
EndGlobal
